
Microsoft Visual Studio Solution File, Format Version 12.00
# Visual Studio 15
VisualStudioVersion = 15.0.28010.2041
MinimumVisualStudioVersion = 10.0.40219.1
Project("{888888A0-9F3D-457C-B088-3A5042F75D52}") = "pyweek26", "pyweek26.pyproj", "{E2B17A8D-018D-4515-B351-5116649ADE7F}"
EndProject
Global
	GlobalSection(SolutionConfigurationPlatforms) = preSolution
		Debug|Any CPU = Debug|Any CPU
		Release|Any CPU = Release|Any CPU
	EndGlobalSection
	GlobalSection(ProjectConfigurationPlatforms) = postSolution
		{E2B17A8D-018D-4515-B351-5116649ADE7F}.Debug|Any CPU.ActiveCfg = Debug|Any CPU
		{E2B17A8D-018D-4515-B351-5116649ADE7F}.Release|Any CPU.ActiveCfg = Release|Any CPU
	EndGlobalSection
	GlobalSection(SolutionProperties) = preSolution
		HideSolutionNode = FALSE
	EndGlobalSection
	GlobalSection(ExtensibilityGlobals) = postSolution
		SolutionGuid = {A8E81207-D8C7-460A-9ECB-A5B4F659F4FA}
	EndGlobalSection
EndGlobal
